// !$*UTF8*$!
{
	archiveVersion = 1;
	classes = {
	};
	objectVersion = 46;
	objects = {

/* Begin PBXBuildFile section */
		1865ECA41D70410F00CEE875 /* main.m in Sources */ = {isa = PBXBuildFile; fileRef = 1865ECA31D70410F00CEE875 /* main.m */; };
		1865ECA71D70410F00CEE875 /* AppDelegate.m in Sources */ = {isa = PBXBuildFile; fileRef = 1865ECA61D70410F00CEE875 /* AppDelegate.m */; };
		1865ECAA1D70410F00CEE875 /* ViewController.m in Sources */ = {isa = PBXBuildFile; fileRef = 1865ECA91D70410F00CEE875 /* ViewController.m */; };
		1865ECAD1D70410F00CEE875 /* Main.storyboard in Resources */ = {isa = PBXBuildFile; fileRef = 1865ECAB1D70410F00CEE875 /* Main.storyboard */; };
		1865ECAF1D70410F00CEE875 /* Assets.xcassets in Resources */ = {isa = PBXBuildFile; fileRef = 1865ECAE1D70410F00CEE875 /* Assets.xcassets */; };
		1865ECB21D70410F00CEE875 /* LaunchScreen.storyboard in Resources */ = {isa = PBXBuildFile; fileRef = 1865ECB01D70410F00CEE875 /* LaunchScreen.storyboard */; };
		1865ECBD1D70410F00CEE875 /* ____Tests.m in Sources */ = {isa = PBXBuildFile; fileRef = 1865ECBC1D70410F00CEE875 /* ____Tests.m */; };
		1865ECC81D70410F00CEE875 /* ____UITests.m in Sources */ = {isa = PBXBuildFile; fileRef = 1865ECC71D70410F00CEE875 /* ____UITests.m */; };
/* End PBXBuildFile section */

/* Begin PBXContainerItemProxy section */
		1865ECB91D70410F00CEE875 /* PBXContainerItemProxy */ = {
			isa = PBXContainerItemProxy;
			containerPortal = 1865EC971D70410F00CEE875 /* Project object */;
			proxyType = 1;
			remoteGlobalIDString = 1865EC9E1D70410F00CEE875;
			remoteInfo = "转场动画";
		};
		1865ECC41D70410F00CEE875 /* PBXContainerItemProxy */ = {
			isa = PBXContainerItemProxy;
			containerPortal = 1865EC971D70410F00CEE875 /* Project object */;
			proxyType = 1;
			remoteGlobalIDString = 1865EC9E1D70410F00CEE875;
			remoteInfo = "转场动画";
		};
/* End PBXContainerItemProxy section */

/* Begin PBXFileReference section */
		1865EC9F1D70410F00CEE875 /* 转场动画.app */ = {isa = PBXFileReference; explicitFileType = wrapper.application; includeInIndex = 0; path = "转场动画.app"; sourceTree = BUILT_PRODUCTS_DIR; };
		1865ECA31D70410F00CEE875 /* main.m */ = {isa = PBXFileReference; lastKnownFileType = sourcecode.c.objc; path = main.m; sourceTree = "<group>"; };
		1865ECA51D70410F00CEE875 /* AppDelegate.h */ = {isa = PBXFileReference; lastKnownFileType = sourcecode.c.h; path = AppDelegate.h; sourceTree = "<group>"; };
		1865ECA61D70410F00CEE875 /* AppDelegate.m */ = {isa = PBXFileReference; lastKnownFileType = sourcecode.c.objc; path = AppDelegate.m; sourceTree = "<group>"; };
		1865ECA81D70410F00CEE875 /* ViewController.h */ = {isa = PBXFileReference; lastKnownFileType = sourcecode.c.h; path = ViewController.h; sourceTree = "<group>"; };
		1865ECA91D70410F00CEE875 /* ViewController.m */ = {isa = PBXFileReference; lastKnownFileType = sourcecode.c.objc; path = ViewController.m; sourceTree = "<group>"; };
		1865ECAC1D70410F00CEE875 /* Base */ = {isa = PBXFileReference; lastKnownFileType = file.storyboard; name = Base; path = Base.lproj/Main.storyboard; sourceTree = "<group>"; };
		1865ECAE1D70410F00CEE875 /* Assets.xcassets */ = {isa = PBXFileReference; lastKnownFileType = folder.assetcatalog; path = Assets.xcassets; sourceTree = "<group>"; };
		1865ECB11D70410F00CEE875 /* Base */ = {isa = PBXFileReference; lastKnownFileType = file.storyboard; name = Base; path = Base.lproj/LaunchScreen.storyboard; sourceTree = "<group>"; };
		1865ECB31D70410F00CEE875 /* Info.plist */ = {isa = PBXFileReference; lastKnownFileType = text.plist.xml; path = Info.plist; sourceTree = "<group>"; };
		1865ECB81D70410F00CEE875 /* 转场动画Tests.xctest */ = {isa = PBXFileReference; explicitFileType = wrapper.cfbundle; includeInIndex = 0; path = "转场动画Tests.xctest"; sourceTree = BUILT_PRODUCTS_DIR; };
		1865ECBC1D70410F00CEE875 /* ____Tests.m */ = {isa = PBXFileReference; lastKnownFileType = sourcecode.c.objc; path = "____Tests.m"; sourceTree = "<group>"; };
		1865ECBE1D70410F00CEE875 /* Info.plist */ = {isa = PBXFileReference; lastKnownFileType = text.plist.xml; path = Info.plist; sourceTree = "<group>"; };
		1865ECC31D70410F00CEE875 /* 转场动画UITests.xctest */ = {isa = PBXFileReference; explicitFileType = wrapper.cfbundle; includeInIndex = 0; path = "转场动画UITests.xctest"; sourceTree = BUILT_PRODUCTS_DIR; };
		1865ECC71D70410F00CEE875 /* ____UITests.m */ = {isa = PBXFileReference; lastKnownFileType = sourcecode.c.objc; path = "____UITests.m"; sourceTree = "<group>"; };
		1865ECC91D70410F00CEE875 /* Info.plist */ = {isa = PBXFileReference; lastKnownFileType = text.plist.xml; path = Info.plist; sourceTree = "<group>"; };
/* End PBXFileReference section */

/* Begin PBXFrameworksBuildPhase section */
		1865EC9C1D70410F00CEE875 /* Frameworks */ = {
			isa = PBXFrameworksBuildPhase;
			buildActionMask = 2147483647;
			files = (
			);
			runOnlyForDeploymentPostprocessing = 0;
		};
		1865ECB51D70410F00CEE875 /* Frameworks */ = {
			isa = PBXFrameworksBuildPhase;
			buildActionMask = 2147483647;
			files = (
			);
			runOnlyForDeploymentPostprocessing = 0;
		};
		1865ECC01D70410F00CEE875 /* Frameworks */ = {
			isa = PBXFrameworksBuildPhase;
			buildActionMask = 2147483647;
			files = (
			);
			runOnlyForDeploymentPostprocessing = 0;
		};
/* End PBXFrameworksBuildPhase section */

/* Begin PBXGroup section */
		1865EC961D70410F00CEE875 = {
			isa = PBXGroup;
			children = (
				1865ECA11D70410F00CEE875 /* 转场动画 */,
				1865ECBB1D70410F00CEE875 /* 转场动画Tests */,
				1865ECC61D70410F00CEE875 /* 转场动画UITests */,
				1865ECA01D70410F00CEE875 /* Products */,
			);
			sourceTree = "<group>";
		};
		1865ECA01D70410F00CEE875 /* Products */ = {
			isa = PBXGroup;
			children = (
				1865EC9F1D70410F00CEE875 /* 转场动画.app */,
				1865ECB81D70410F00CEE875 /* 转场动画Tests.xctest */,
				1865ECC31D70410F00CEE875 /* 转场动画UITests.xctest */,
			);
			name = Products;
			sourceTree = "<group>";
		};
		1865ECA11D70410F00CEE875 /* 转场动画 */ = {
			isa = PBXGroup;
			children = (
				1865ECA51D70410F00CEE875 /* AppDelegate.h */,
				1865ECA61D70410F00CEE875 /* AppDelegate.m */,
				1865ECA81D70410F00CEE875 /* ViewController.h */,
				1865ECA91D70410F00CEE875 /* ViewController.m */,
				1865ECAB1D70410F00CEE875 /* Main.storyboard */,
				1865ECAE1D70410F00CEE875 /* Assets.xcassets */,
				1865ECB01D70410F00CEE875 /* LaunchScreen.storyboard */,
				1865ECB31D70410F00CEE875 /* Info.plist */,
				1865ECA21D70410F00CEE875 /* Supporting Files */,
			);
			path = "转场动画";
			sourceTree = "<group>";
		};
		1865ECA21D70410F00CEE875 /* Supporting Files */ = {
			isa = PBXGroup;
			children = (
				1865ECA31D70410F00CEE875 /* main.m */,
			);
			name = "Supporting Files";
			sourceTree = "<group>";
		};
		1865ECBB1D70410F00CEE875 /* 转场动画Tests */ = {
			isa = PBXGroup;
			children = (
				1865ECBC1D70410F00CEE875 /* ____Tests.m */,
				1865ECBE1D70410F00CEE875 /* Info.plist */,
			);
			path = "转场动画Tests";
			sourceTree = "<group>";
		};
		1865ECC61D70410F00CEE875 /* 转场动画UITests */ = {
			isa = PBXGroup;
			children = (
				1865ECC71D70410F00CEE875 /* ____UITests.m */,
				1865ECC91D70410F00CEE875 /* Info.plist */,
			);
			path = "转场动画UITests";
			sourceTree = "<group>";
		};
/* End PBXGroup section */

/* Begin PBXNativeTarget section */
		1865EC9E1D70410F00CEE875 /* 转场动画 */ = {
			isa = PBXNativeTarget;
			buildConfigurationList = 1865ECCC1D70410F00CEE875 /* Build configuration list for PBXNativeTarget "转场动画" */;
			buildPhases = (
				1865EC9B1D70410F00CEE875 /* Sources */,
				1865EC9C1D70410F00CEE875 /* Frameworks */,
				1865EC9D1D70410F00CEE875 /* Resources */,
			);
			buildRules = (
			);
			dependencies = (
			);
			name = "转场动画";
			productName = "转场动画";
			productReference = 1865EC9F1D70410F00CEE875 /* 转场动画.app */;
			productType = "com.apple.product-type.application";
		};
		1865ECB71D70410F00CEE875 /* 转场动画Tests */ = {
			isa = PBXNativeTarget;
			buildConfigurationList = 1865ECCF1D70410F00CEE875 /* Build configuration list for PBXNativeTarget "转场动画Tests" */;
			buildPhases = (
				1865ECB41D70410F00CEE875 /* Sources */,
				1865ECB51D70410F00CEE875 /* Frameworks */,
				1865ECB61D70410F00CEE875 /* Resources */,
			);
			buildRules = (
			);
			dependencies = (
				1865ECBA1D70410F00CEE875 /* PBXTargetDependency */,
			);
			name = "转场动画Tests";
			productName = "转场动画Tests";
			productReference = 1865ECB81D70410F00CEE875 /* 转场动画Tests.xctest */;
			productType = "com.apple.product-type.bundle.unit-test";
		};
		1865ECC21D70410F00CEE875 /* 转场动画UITests */ = {
			isa = PBXNativeTarget;
			buildConfigurationList = 1865ECD21D70410F00CEE875 /* Build configuration list for PBXNativeTarget "转场动画UITests" */;
			buildPhases = (
				1865ECBF1D70410F00CEE875 /* Sources */,
				1865ECC01D70410F00CEE875 /* Frameworks */,
				1865ECC11D70410F00CEE875 /* Resources */,
			);
			buildRules = (
			);
			dependencies = (
				1865ECC51D70410F00CEE875 /* PBXTargetDependency */,
			);
			name = "转场动画UITests";
			productName = "转场动画UITests";
			productReference = 1865ECC31D70410F00CEE875 /* 转场动画UITests.xctest */;
			productType = "com.apple.product-type.bundle.ui-testing";
		};
/* End PBXNativeTarget section */

/* Begin PBXProject section */
		1865EC971D70410F00CEE875 /* Project object */ = {
			isa = PBXProject;
			attributes = {
				LastUpgradeCheck = 0730;
				ORGANIZATIONNAME = Lingser;
				TargetAttributes = {
					1865EC9E1D70410F00CEE875 = {
						CreatedOnToolsVersion = 7.3.1;
					};
					1865ECB71D70410F00CEE875 = {
						CreatedOnToolsVersion = 7.3.1;
						TestTargetID = 1865EC9E1D70410F00CEE875;
					};
					1865ECC21D70410F00CEE875 = {
						CreatedOnToolsVersion = 7.3.1;
						TestTargetID = 1865EC9E1D70410F00CEE875;
					};
				};
			};
			buildConfigurationList = 1865EC9A1D70410F00CEE875 /* Build configuration list for PBXProject "转场动画" */;
			compatibilityVersion = "Xcode 3.2";
			developmentRegion = English;
			hasScannedForEncodings = 0;
			knownRegions = (
				en,
				Base,
			);
			mainGroup = 1865EC961D70410F00CEE875;
			productRefGroup = 1865ECA01D70410F00CEE875 /* Products */;
			projectDirPath = "";
			projectRoot = "";
			targets = (
				1865EC9E1D70410F00CEE875 /* 转场动画 */,
				1865ECB71D70410F00CEE875 /* 转场动画Tests */,
				1865ECC21D70410F00CEE875 /* 转场动画UITests */,
			);
		};
/* End PBXProject section */

/* Begin PBXResourcesBuildPhase section */
		1865EC9D1D70410F00CEE875 /* Resources */ = {
			isa = PBXResourcesBuildPhase;
			buildActionMask = 2147483647;
			files = (
				1865ECB21D70410F00CEE875 /* LaunchScreen.storyboard in Resources */,
				1865ECAF1D70410F00CEE875 /* Assets.xcassets in Resources */,
				1865ECAD1D70410F00CEE875 /* Main.storyboard in Resources */,
			);
			runOnlyForDeploymentPostprocessing = 0;
		};
		1865ECB61D70410F00CEE875 /* Resources */ = {
			isa = PBXResourcesBuildPhase;
			buildActionMask = 2147483647;
			files = (
			);
			runOnlyForDeploymentPostprocessing = 0;
		};
		1865ECC11D70410F00CEE875 /* Resources */ = {
			isa = PBXResourcesBuildPhase;
			buildActionMask = 2147483647;
			files = (
			);
			runOnlyForDeploymentPostprocessing = 0;
		};
/* End PBXResourcesBuildPhase section */

/* Begin PBXSourcesBuildPhase section */
		1865EC9B1D70410F00CEE875 /* Sources */ = {
			isa = PBXSourcesBuildPhase;
			buildActionMask = 2147483647;
			files = (
				1865ECAA1D70410F00CEE875 /* ViewController.m in Sources */,
				1865ECA71D70410F00CEE875 /* AppDelegate.m in Sources */,
				1865ECA41D70410F00CEE875 /* main.m in Sources */,
			);
			runOnlyForDeploymentPostprocessing = 0;
		};
		1865ECB41D70410F00CEE875 /* Sources */ = {
			isa = PBXSourcesBuildPhase;
			buildActionMask = 2147483647;
			files = (
				1865ECBD1D70410F00CEE875 /* ____Tests.m in Sources */,
			);
			runOnlyForDeploymentPostprocessing = 0;
		};
		1865ECBF1D70410F00CEE875 /* Sources */ = {
			isa = PBXSourcesBuildPhase;
			buildActionMask = 2147483647;
			files = (
				1865ECC81D70410F00CEE875 /* ____UITests.m in Sources */,
			);
			runOnlyForDeploymentPostprocessing = 0;
		};
/* End PBXSourcesBuildPhase section */

/* Begin PBXTargetDependency section */
		1865ECBA1D70410F00CEE875 /* PBXTargetDependency */ = {
			isa = PBXTargetDependency;
			target = 1865EC9E1D70410F00CEE875 /* 转场动画 */;
			targetProxy = 1865ECB91D70410F00CEE875 /* PBXContainerItemProxy */;
		};
		1865ECC51D70410F00CEE875 /* PBXTargetDependency */ = {
			isa = PBXTargetDependency;
			target = 1865EC9E1D70410F00CEE875 /* 转场动画 */;
			targetProxy = 1865ECC41D70410F00CEE875 /* PBXContainerItemProxy */;
		};
/* End PBXTargetDependency section */

/* Begin PBXVariantGroup section */
		1865ECAB1D70410F00CEE875 /* Main.storyboard */ = {
			isa = PBXVariantGroup;
			children = (
				1865ECAC1D70410F00CEE875 /* Base */,
			);
			name = Main.storyboard;
			sourceTree = "<group>";
		};
		1865ECB01D70410F00CEE875 /* LaunchScreen.storyboard */ = {
			isa = PBXVariantGroup;
			children = (
				1865ECB11D70410F00CEE875 /* Base */,
			);
			name = LaunchScreen.storyboard;
			sourceTree = "<group>";
		};
/* End PBXVariantGroup section */

/* Begin XCBuildConfiguration section */
		1865ECCA1D70410F00CEE875 /* Debug */ = {
			isa = XCBuildConfiguration;
			buildSettings = {
				ALWAYS_SEARCH_USER_PATHS = NO;
				CLANG_ANALYZER_NONNULL = YES;
				CLANG_CXX_LANGUAGE_STANDARD = "gnu++0x";
				CLANG_CXX_LIBRARY = "libc++";
				CLANG_ENABLE_MODULES = YES;
				CLANG_ENABLE_OBJC_ARC = YES;
				CLANG_WARN_BOOL_CONVERSION = YES;
				CLANG_WARN_CONSTANT_CONVERSION = YES;
				CLANG_WARN_DIRECT_OBJC_ISA_USAGE = YES_ERROR;
				CLANG_WARN_EMPTY_BODY = YES;
				CLANG_WARN_ENUM_CONVERSION = YES;
				CLANG_WARN_INT_CONVERSION = YES;
				CLANG_WARN_OBJC_ROOT_CLASS = YES_ERROR;
				CLANG_WARN_UNREACHABLE_CODE = YES;
				CLANG_WARN__DUPLICATE_METHOD_MATCH = YES;
				"CODE_SIGN_IDENTITY[sdk=iphoneos*]" = "iPhone Developer";
				COPY_PHASE_STRIP = NO;
				DEBUG_INFORMATION_FORMAT = dwarf;
				ENABLE_STRICT_OBJC_MSGSEND = YES;
				ENABLE_TESTABILITY = YES;
				GCC_C_LANGUAGE_STANDARD = gnu99;
				GCC_DYNAMIC_NO_PIC = NO;
				GCC_NO_COMMON_BLOCKS = YES;
				GCC_OPTIMIZATION_LEVEL = 0;
				GCC_PREPROCESSOR_DEFINITIONS = (
					"DEBUG=1",
					"$(inherited)",
				);
				GCC_WARN_64_TO_32_BIT_CONVERSION = YES;
				GCC_WARN_ABOUT_RETURN_TYPE = YES_ERROR;
				GCC_WARN_UNDECLARED_SELECTOR = YES;
				GCC_WARN_UNINITIALIZED_AUTOS = YES_AGGRESSIVE;
				GCC_WARN_UNUSED_FUNCTION = YES;
				GCC_WARN_UNUSED_VARIABLE = YES;
				IPHONEOS_DEPLOYMENT_TARGET = 9.3;
				MTL_ENABLE_DEBUG_INFO = YES;
				ONLY_ACTIVE_ARCH = YES;
				SDKROOT = iphoneos;
			};
			name = Debug;
		};
		1865ECCB1D70410F00CEE875 /* Release */ = {
			isa = XCBuildConfiguration;
			buildSettings = {
				ALWAYS_SEARCH_USER_PATHS = NO;
				CLANG_ANALYZER_NONNULL = YES;
				CLANG_CXX_LANGUAGE_STANDARD = "gnu++0x";
				CLANG_CXX_LIBRARY = "libc++";
				CLANG_ENABLE_MODULES = YES;
				CLANG_ENABLE_OBJC_ARC = YES;
				CLANG_WARN_BOOL_CONVERSION = YES;
				CLANG_WARN_CONSTANT_CONVERSION = YES;
				CLANG_WARN_DIRECT_OBJC_ISA_USAGE = YES_ERROR;
				CLANG_WARN_EMPTY_BODY = YES;
				CLANG_WARN_ENUM_CONVERSION = YES;
				CLANG_WARN_INT_CONVERSION = YES;
				CLANG_WARN_OBJC_ROOT_CLASS = YES_ERROR;
				CLANG_WARN_UNREACHABLE_CODE = YES;
				CLANG_WARN__DUPLICATE_METHOD_MATCH = YES;
				"CODE_SIGN_IDENTITY[sdk=iphoneos*]" = "iPhone Developer";
				COPY_PHASE_STRIP = NO;
				DEBUG_INFORMATION_FORMAT = "dwarf-with-dsym";
				ENABLE_NS_ASSERTIONS = NO;
				ENABLE_STRICT_OBJC_MSGSEND = YES;
				GCC_C_LANGUAGE_STANDARD = gnu99;
				GCC_NO_COMMON_BLOCKS = YES;
				GCC_WARN_64_TO_32_BIT_CONVERSION = YES;
				GCC_WARN_ABOUT_RETURN_TYPE = YES_ERROR;
				GCC_WARN_UNDECLARED_SELECTOR = YES;
				GCC_WARN_UNINITIALIZED_AUTOS = YES_AGGRESSIVE;
				GCC_WARN_UNUSED_FUNCTION = YES;
				GCC_WARN_UNUSED_VARIABLE = YES;
				IPHONEOS_DEPLOYMENT_TARGET = 9.3;
				MTL_ENABLE_DEBUG_INFO = NO;
				SDKROOT = iphoneos;
				VALIDATE_PRODUCT = YES;
			};
			name = Release;
		};
		1865ECCD1D70410F00CEE875 /* Debug */ = {
			isa = XCBuildConfiguration;
			buildSettings = {
				ASSETCATALOG_COMPILER_APPICON_NAME = AppIcon;
				INFOPLIST_FILE = "转场动画/Info.plist";
				LD_RUNPATH_SEARCH_PATHS = "$(inherited) @executable_path/Frameworks";
				PRODUCT_BUNDLE_IDENTIFIER = "com.Lingser.----";
				PRODUCT_NAME = "$(TARGET_NAME)";
			};
			name = Debug;
		};
		1865ECCE1D70410F00CEE875 /* Release */ = {
			isa = XCBuildConfiguration;
			buildSettings = {
				ASSETCATALOG_COMPILER_APPICON_NAME = AppIcon;
				INFOPLIST_FILE = "转场动画/Info.plist";
				LD_RUNPATH_SEARCH_PATHS = "$(inherited) @executable_path/Frameworks";
				PRODUCT_BUNDLE_IDENTIFIER = "com.Lingser.----";
				PRODUCT_NAME = "$(TARGET_NAME)";
			};
			name = Release;
		};
		1865ECD01D70410F00CEE875 /* Debug */ = {
			isa = XCBuildConfiguration;
			buildSettings = {
				BUNDLE_LOADER = "$(TEST_HOST)";
				INFOPLIST_FILE = "转场动画Tests/Info.plist";
				LD_RUNPATH_SEARCH_PATHS = "$(inherited) @executable_path/Frameworks @loader_path/Frameworks";
				PRODUCT_BUNDLE_IDENTIFIER = "com.Lingser.----Tests";
				PRODUCT_NAME = "$(TARGET_NAME)";
				TEST_HOST = "$(BUILT_PRODUCTS_DIR)/转场动画.app/转场动画";
			};
			name = Debug;
		};
		1865ECD11D70410F00CEE875 /* Release */ = {
			isa = XCBuildConfiguration;
			buildSettings = {
				BUNDLE_LOADER = "$(TEST_HOST)";
				INFOPLIST_FILE = "转场动画Tests/Info.plist";
				LD_RUNPATH_SEARCH_PATHS = "$(inherited) @executable_path/Frameworks @loader_path/Frameworks";
				PRODUCT_BUNDLE_IDENTIFIER = "com.Lingser.----Tests";
				PRODUCT_NAME = "$(TARGET_NAME)";
				TEST_HOST = "$(BUILT_PRODUCTS_DIR)/转场动画.app/转场动画";
			};
			name = Release;
		};
		1865ECD31D70410F00CEE875 /* Debug */ = {
			isa = XCBuildConfiguration;
			buildSettings = {
				INFOPLIST_FILE = "转场动画UITests/Info.plist";
				LD_RUNPATH_SEARCH_PATHS = "$(inherited) @executable_path/Frameworks @loader_path/Frameworks";
				PRODUCT_BUNDLE_IDENTIFIER = "com.Lingser.----UITests";
				PRODUCT_NAME = "$(TARGET_NAME)";
				TEST_TARGET_NAME = "转场动画";
			};
			name = Debug;
		};
		1865ECD41D70410F00CEE875 /* Release */ = {
			isa = XCBuildConfiguration;
			buildSettings = {
				INFOPLIST_FILE = "转场动画UITests/Info.plist";
				LD_RUNPATH_SEARCH_PATHS = "$(inherited) @executable_path/Frameworks @loader_path/Frameworks";
				PRODUCT_BUNDLE_IDENTIFIER = "com.Lingser.----UITests";
				PRODUCT_NAME = "$(TARGET_NAME)";
				TEST_TARGET_NAME = "转场动画";
			};
			name = Release;
		};
/* End XCBuildConfiguration section */

/* Begin XCConfigurationList section */
		1865EC9A1D70410F00CEE875 /* Build configuration list for PBXProject "转场动画" */ = {
			isa = XCConfigurationList;
			buildConfigurations = (
				1865ECCA1D70410F00CEE875 /* Debug */,
				1865ECCB1D70410F00CEE875 /* Release */,
			);
			defaultConfigurationIsVisible = 0;
			defaultConfigurationName = Release;
		};
		1865ECCC1D70410F00CEE875 /* Build configuration list for PBXNativeTarget "转场动画" */ = {
			isa = XCConfigurationList;
			buildConfigurations = (
				1865ECCD1D70410F00CEE875 /* Debug */,
				1865ECCE1D70410F00CEE875 /* Release */,
			);
			defaultConfigurationIsVisible = 0;
		};
		1865ECCF1D70410F00CEE875 /* Build configuration list for PBXNativeTarget "转场动画Tests" */ = {
			isa = XCConfigurationList;
			buildConfigurations = (
				1865ECD01D70410F00CEE875 /* Debug */,
				1865ECD11D70410F00CEE875 /* Release */,
			);
			defaultConfigurationIsVisible = 0;
		};
		1865ECD21D70410F00CEE875 /* Build configuration list for PBXNativeTarget "转场动画UITests" */ = {
			isa = XCConfigurationList;
			buildConfigurations = (
				1865ECD31D70410F00CEE875 /* Debug */,
				1865ECD41D70410F00CEE875 /* Release */,
			);
			defaultConfigurationIsVisible = 0;
		};
/* End XCConfigurationList section */
	};
	rootObject = 1865EC971D70410F00CEE875 /* Project object */;
}
