// !$*UTF8*$!
{
	archiveVersion = 1;
	classes = {
	};
	objectVersion = 46;
	objects = {

/* Begin PBXBuildFile section */
		18A258451D6AD87F00C9B9C0 /* main.m in Sources */ = {isa = PBXBuildFile; fileRef = 18A258441D6AD87F00C9B9C0 /* main.m */; };
		18A258481D6AD87F00C9B9C0 /* AppDelegate.m in Sources */ = {isa = PBXBuildFile; fileRef = 18A258471D6AD87F00C9B9C0 /* AppDelegate.m */; };
		18A2584B1D6AD87F00C9B9C0 /* ViewController.m in Sources */ = {isa = PBXBuildFile; fileRef = 18A2584A1D6AD87F00C9B9C0 /* ViewController.m */; };
		18A2584E1D6AD87F00C9B9C0 /* Main.storyboard in Resources */ = {isa = PBXBuildFile; fileRef = 18A2584C1D6AD87F00C9B9C0 /* Main.storyboard */; };
		18A258501D6AD87F00C9B9C0 /* Assets.xcassets in Resources */ = {isa = PBXBuildFile; fileRef = 18A2584F1D6AD87F00C9B9C0 /* Assets.xcassets */; };
		18A258531D6AD87F00C9B9C0 /* LaunchScreen.storyboard in Resources */ = {isa = PBXBuildFile; fileRef = 18A258511D6AD87F00C9B9C0 /* LaunchScreen.storyboard */; };
		18A2585E1D6AD87F00C9B9C0 /* Git_TestTests.m in Sources */ = {isa = PBXBuildFile; fileRef = 18A2585D1D6AD87F00C9B9C0 /* Git_TestTests.m */; };
		18A258691D6AD87F00C9B9C0 /* Git_TestUITests.m in Sources */ = {isa = PBXBuildFile; fileRef = 18A258681D6AD87F00C9B9C0 /* Git_TestUITests.m */; };
/* End PBXBuildFile section */

/* Begin PBXContainerItemProxy section */
		18A2585A1D6AD87F00C9B9C0 /* PBXContainerItemProxy */ = {
			isa = PBXContainerItemProxy;
			containerPortal = 18A258381D6AD87F00C9B9C0 /* Project object */;
			proxyType = 1;
			remoteGlobalIDString = 18A2583F1D6AD87F00C9B9C0;
			remoteInfo = Git_Test;
		};
		18A258651D6AD87F00C9B9C0 /* PBXContainerItemProxy */ = {
			isa = PBXContainerItemProxy;
			containerPortal = 18A258381D6AD87F00C9B9C0 /* Project object */;
			proxyType = 1;
			remoteGlobalIDString = 18A2583F1D6AD87F00C9B9C0;
			remoteInfo = Git_Test;
		};
/* End PBXContainerItemProxy section */

/* Begin PBXFileReference section */
		18A258401D6AD87F00C9B9C0 /* Git_Test.app */ = {isa = PBXFileReference; explicitFileType = wrapper.application; includeInIndex = 0; path = Git_Test.app; sourceTree = BUILT_PRODUCTS_DIR; };
		18A258441D6AD87F00C9B9C0 /* main.m */ = {isa = PBXFileReference; lastKnownFileType = sourcecode.c.objc; path = main.m; sourceTree = "<group>"; };
		18A258461D6AD87F00C9B9C0 /* AppDelegate.h */ = {isa = PBXFileReference; lastKnownFileType = sourcecode.c.h; path = AppDelegate.h; sourceTree = "<group>"; };
		18A258471D6AD87F00C9B9C0 /* AppDelegate.m */ = {isa = PBXFileReference; lastKnownFileType = sourcecode.c.objc; path = AppDelegate.m; sourceTree = "<group>"; };
		18A258491D6AD87F00C9B9C0 /* ViewController.h */ = {isa = PBXFileReference; lastKnownFileType = sourcecode.c.h; path = ViewController.h; sourceTree = "<group>"; };
		18A2584A1D6AD87F00C9B9C0 /* ViewController.m */ = {isa = PBXFileReference; lastKnownFileType = sourcecode.c.objc; path = ViewController.m; sourceTree = "<group>"; };
		18A2584D1D6AD87F00C9B9C0 /* Base */ = {isa = PBXFileReference; lastKnownFileType = file.storyboard; name = Base; path = Base.lproj/Main.storyboard; sourceTree = "<group>"; };
		18A2584F1D6AD87F00C9B9C0 /* Assets.xcassets */ = {isa = PBXFileReference; lastKnownFileType = folder.assetcatalog; path = Assets.xcassets; sourceTree = "<group>"; };
		18A258521D6AD87F00C9B9C0 /* Base */ = {isa = PBXFileReference; lastKnownFileType = file.storyboard; name = Base; path = Base.lproj/LaunchScreen.storyboard; sourceTree = "<group>"; };
		18A258541D6AD87F00C9B9C0 /* Info.plist */ = {isa = PBXFileReference; lastKnownFileType = text.plist.xml; path = Info.plist; sourceTree = "<group>"; };
		18A258591D6AD87F00C9B9C0 /* Git_TestTests.xctest */ = {isa = PBXFileReference; explicitFileType = wrapper.cfbundle; includeInIndex = 0; path = Git_TestTests.xctest; sourceTree = BUILT_PRODUCTS_DIR; };
		18A2585D1D6AD87F00C9B9C0 /* Git_TestTests.m */ = {isa = PBXFileReference; lastKnownFileType = sourcecode.c.objc; path = Git_TestTests.m; sourceTree = "<group>"; };
		18A2585F1D6AD87F00C9B9C0 /* Info.plist */ = {isa = PBXFileReference; lastKnownFileType = text.plist.xml; path = Info.plist; sourceTree = "<group>"; };
		18A258641D6AD87F00C9B9C0 /* Git_TestUITests.xctest */ = {isa = PBXFileReference; explicitFileType = wrapper.cfbundle; includeInIndex = 0; path = Git_TestUITests.xctest; sourceTree = BUILT_PRODUCTS_DIR; };
		18A258681D6AD87F00C9B9C0 /* Git_TestUITests.m */ = {isa = PBXFileReference; lastKnownFileType = sourcecode.c.objc; path = Git_TestUITests.m; sourceTree = "<group>"; };
		18A2586A1D6AD87F00C9B9C0 /* Info.plist */ = {isa = PBXFileReference; lastKnownFileType = text.plist.xml; path = Info.plist; sourceTree = "<group>"; };
/* End PBXFileReference section */

/* Begin PBXFrameworksBuildPhase section */
		18A2583D1D6AD87F00C9B9C0 /* Frameworks */ = {
			isa = PBXFrameworksBuildPhase;
			buildActionMask = 2147483647;
			files = (
			);
			runOnlyForDeploymentPostprocessing = 0;
		};
		18A258561D6AD87F00C9B9C0 /* Frameworks */ = {
			isa = PBXFrameworksBuildPhase;
			buildActionMask = 2147483647;
			files = (
			);
			runOnlyForDeploymentPostprocessing = 0;
		};
		18A258611D6AD87F00C9B9C0 /* Frameworks */ = {
			isa = PBXFrameworksBuildPhase;
			buildActionMask = 2147483647;
			files = (
			);
			runOnlyForDeploymentPostprocessing = 0;
		};
/* End PBXFrameworksBuildPhase section */

/* Begin PBXGroup section */
		18A258371D6AD87F00C9B9C0 = {
			isa = PBXGroup;
			children = (
				18A258421D6AD87F00C9B9C0 /* Git_Test */,
				18A2585C1D6AD87F00C9B9C0 /* Git_TestTests */,
				18A258671D6AD87F00C9B9C0 /* Git_TestUITests */,
				18A258411D6AD87F00C9B9C0 /* Products */,
			);
			sourceTree = "<group>";
		};
		18A258411D6AD87F00C9B9C0 /* Products */ = {
			isa = PBXGroup;
			children = (
				18A258401D6AD87F00C9B9C0 /* Git_Test.app */,
				18A258591D6AD87F00C9B9C0 /* Git_TestTests.xctest */,
				18A258641D6AD87F00C9B9C0 /* Git_TestUITests.xctest */,
			);
			name = Products;
			sourceTree = "<group>";
		};
		18A258421D6AD87F00C9B9C0 /* Git_Test */ = {
			isa = PBXGroup;
			children = (
				18A258461D6AD87F00C9B9C0 /* AppDelegate.h */,
				18A258471D6AD87F00C9B9C0 /* AppDelegate.m */,
				18A258491D6AD87F00C9B9C0 /* ViewController.h */,
				18A2584A1D6AD87F00C9B9C0 /* ViewController.m */,
				18A2584C1D6AD87F00C9B9C0 /* Main.storyboard */,
				18A2584F1D6AD87F00C9B9C0 /* Assets.xcassets */,
				18A258511D6AD87F00C9B9C0 /* LaunchScreen.storyboard */,
				18A258541D6AD87F00C9B9C0 /* Info.plist */,
				18A258431D6AD87F00C9B9C0 /* Supporting Files */,
			);
			path = Git_Test;
			sourceTree = "<group>";
		};
		18A258431D6AD87F00C9B9C0 /* Supporting Files */ = {
			isa = PBXGroup;
			children = (
				18A258441D6AD87F00C9B9C0 /* main.m */,
			);
			name = "Supporting Files";
			sourceTree = "<group>";
		};
		18A2585C1D6AD87F00C9B9C0 /* Git_TestTests */ = {
			isa = PBXGroup;
			children = (
				18A2585D1D6AD87F00C9B9C0 /* Git_TestTests.m */,
				18A2585F1D6AD87F00C9B9C0 /* Info.plist */,
			);
			path = Git_TestTests;
			sourceTree = "<group>";
		};
		18A258671D6AD87F00C9B9C0 /* Git_TestUITests */ = {
			isa = PBXGroup;
			children = (
				18A258681D6AD87F00C9B9C0 /* Git_TestUITests.m */,
				18A2586A1D6AD87F00C9B9C0 /* Info.plist */,
			);
			path = Git_TestUITests;
			sourceTree = "<group>";
		};
/* End PBXGroup section */

/* Begin PBXNativeTarget section */
		18A2583F1D6AD87F00C9B9C0 /* Git_Test */ = {
			isa = PBXNativeTarget;
			buildConfigurationList = 18A2586D1D6AD87F00C9B9C0 /* Build configuration list for PBXNativeTarget "Git_Test" */;
			buildPhases = (
				18A2583C1D6AD87F00C9B9C0 /* Sources */,
				18A2583D1D6AD87F00C9B9C0 /* Frameworks */,
				18A2583E1D6AD87F00C9B9C0 /* Resources */,
			);
			buildRules = (
			);
			dependencies = (
			);
			name = Git_Test;
			productName = Git_Test;
			productReference = 18A258401D6AD87F00C9B9C0 /* Git_Test.app */;
			productType = "com.apple.product-type.application";
		};
		18A258581D6AD87F00C9B9C0 /* Git_TestTests */ = {
			isa = PBXNativeTarget;
			buildConfigurationList = 18A258701D6AD87F00C9B9C0 /* Build configuration list for PBXNativeTarget "Git_TestTests" */;
			buildPhases = (
				18A258551D6AD87F00C9B9C0 /* Sources */,
				18A258561D6AD87F00C9B9C0 /* Frameworks */,
				18A258571D6AD87F00C9B9C0 /* Resources */,
			);
			buildRules = (
			);
			dependencies = (
				18A2585B1D6AD87F00C9B9C0 /* PBXTargetDependency */,
			);
			name = Git_TestTests;
			productName = Git_TestTests;
			productReference = 18A258591D6AD87F00C9B9C0 /* Git_TestTests.xctest */;
			productType = "com.apple.product-type.bundle.unit-test";
		};
		18A258631D6AD87F00C9B9C0 /* Git_TestUITests */ = {
			isa = PBXNativeTarget;
			buildConfigurationList = 18A258731D6AD87F00C9B9C0 /* Build configuration list for PBXNativeTarget "Git_TestUITests" */;
			buildPhases = (
				18A258601D6AD87F00C9B9C0 /* Sources */,
				18A258611D6AD87F00C9B9C0 /* Frameworks */,
				18A258621D6AD87F00C9B9C0 /* Resources */,
			);
			buildRules = (
			);
			dependencies = (
				18A258661D6AD87F00C9B9C0 /* PBXTargetDependency */,
			);
			name = Git_TestUITests;
			productName = Git_TestUITests;
			productReference = 18A258641D6AD87F00C9B9C0 /* Git_TestUITests.xctest */;
			productType = "com.apple.product-type.bundle.ui-testing";
		};
/* End PBXNativeTarget section */

/* Begin PBXProject section */
		18A258381D6AD87F00C9B9C0 /* Project object */ = {
			isa = PBXProject;
			attributes = {
				LastUpgradeCheck = 0730;
				ORGANIZATIONNAME = Lingser;
				TargetAttributes = {
					18A2583F1D6AD87F00C9B9C0 = {
						CreatedOnToolsVersion = 7.3.1;
					};
					18A258581D6AD87F00C9B9C0 = {
						CreatedOnToolsVersion = 7.3.1;
						TestTargetID = 18A2583F1D6AD87F00C9B9C0;
					};
					18A258631D6AD87F00C9B9C0 = {
						CreatedOnToolsVersion = 7.3.1;
						TestTargetID = 18A2583F1D6AD87F00C9B9C0;
					};
				};
			};
			buildConfigurationList = 18A2583B1D6AD87F00C9B9C0 /* Build configuration list for PBXProject "Git_Test" */;
			compatibilityVersion = "Xcode 3.2";
			developmentRegion = English;
			hasScannedForEncodings = 0;
			knownRegions = (
				en,
				Base,
			);
			mainGroup = 18A258371D6AD87F00C9B9C0;
			productRefGroup = 18A258411D6AD87F00C9B9C0 /* Products */;
			projectDirPath = "";
			projectRoot = "";
			targets = (
				18A2583F1D6AD87F00C9B9C0 /* Git_Test */,
				18A258581D6AD87F00C9B9C0 /* Git_TestTests */,
				18A258631D6AD87F00C9B9C0 /* Git_TestUITests */,
			);
		};
/* End PBXProject section */

/* Begin PBXResourcesBuildPhase section */
		18A2583E1D6AD87F00C9B9C0 /* Resources */ = {
			isa = PBXResourcesBuildPhase;
			buildActionMask = 2147483647;
			files = (
				18A258531D6AD87F00C9B9C0 /* LaunchScreen.storyboard in Resources */,
				18A258501D6AD87F00C9B9C0 /* Assets.xcassets in Resources */,
				18A2584E1D6AD87F00C9B9C0 /* Main.storyboard in Resources */,
			);
			runOnlyForDeploymentPostprocessing = 0;
		};
		18A258571D6AD87F00C9B9C0 /* Resources */ = {
			isa = PBXResourcesBuildPhase;
			buildActionMask = 2147483647;
			files = (
			);
			runOnlyForDeploymentPostprocessing = 0;
		};
		18A258621D6AD87F00C9B9C0 /* Resources */ = {
			isa = PBXResourcesBuildPhase;
			buildActionMask = 2147483647;
			files = (
			);
			runOnlyForDeploymentPostprocessing = 0;
		};
/* End PBXResourcesBuildPhase section */

/* Begin PBXSourcesBuildPhase section */
		18A2583C1D6AD87F00C9B9C0 /* Sources */ = {
			isa = PBXSourcesBuildPhase;
			buildActionMask = 2147483647;
			files = (
				18A2584B1D6AD87F00C9B9C0 /* ViewController.m in Sources */,
				18A258481D6AD87F00C9B9C0 /* AppDelegate.m in Sources */,
				18A258451D6AD87F00C9B9C0 /* main.m in Sources */,
			);
			runOnlyForDeploymentPostprocessing = 0;
		};
		18A258551D6AD87F00C9B9C0 /* Sources */ = {
			isa = PBXSourcesBuildPhase;
			buildActionMask = 2147483647;
			files = (
				18A2585E1D6AD87F00C9B9C0 /* Git_TestTests.m in Sources */,
			);
			runOnlyForDeploymentPostprocessing = 0;
		};
		18A258601D6AD87F00C9B9C0 /* Sources */ = {
			isa = PBXSourcesBuildPhase;
			buildActionMask = 2147483647;
			files = (
				18A258691D6AD87F00C9B9C0 /* Git_TestUITests.m in Sources */,
			);
			runOnlyForDeploymentPostprocessing = 0;
		};
/* End PBXSourcesBuildPhase section */

/* Begin PBXTargetDependency section */
		18A2585B1D6AD87F00C9B9C0 /* PBXTargetDependency */ = {
			isa = PBXTargetDependency;
			target = 18A2583F1D6AD87F00C9B9C0 /* Git_Test */;
			targetProxy = 18A2585A1D6AD87F00C9B9C0 /* PBXContainerItemProxy */;
		};
		18A258661D6AD87F00C9B9C0 /* PBXTargetDependency */ = {
			isa = PBXTargetDependency;
			target = 18A2583F1D6AD87F00C9B9C0 /* Git_Test */;
			targetProxy = 18A258651D6AD87F00C9B9C0 /* PBXContainerItemProxy */;
		};
/* End PBXTargetDependency section */

/* Begin PBXVariantGroup section */
		18A2584C1D6AD87F00C9B9C0 /* Main.storyboard */ = {
			isa = PBXVariantGroup;
			children = (
				18A2584D1D6AD87F00C9B9C0 /* Base */,
			);
			name = Main.storyboard;
			sourceTree = "<group>";
		};
		18A258511D6AD87F00C9B9C0 /* LaunchScreen.storyboard */ = {
			isa = PBXVariantGroup;
			children = (
				18A258521D6AD87F00C9B9C0 /* Base */,
			);
			name = LaunchScreen.storyboard;
			sourceTree = "<group>";
		};
/* End PBXVariantGroup section */

/* Begin XCBuildConfiguration section */
		18A2586B1D6AD87F00C9B9C0 /* Debug */ = {
			isa = XCBuildConfiguration;
			buildSettings = {
				ALWAYS_SEARCH_USER_PATHS = NO;
				CLANG_ANALYZER_NONNULL = YES;
				CLANG_CXX_LANGUAGE_STANDARD = "gnu++0x";
				CLANG_CXX_LIBRARY = "libc++";
				CLANG_ENABLE_MODULES = YES;
				CLANG_ENABLE_OBJC_ARC = YES;
				CLANG_WARN_BOOL_CONVERSION = YES;
				CLANG_WARN_CONSTANT_CONVERSION = YES;
				CLANG_WARN_DIRECT_OBJC_ISA_USAGE = YES_ERROR;
				CLANG_WARN_EMPTY_BODY = YES;
				CLANG_WARN_ENUM_CONVERSION = YES;
				CLANG_WARN_INT_CONVERSION = YES;
				CLANG_WARN_OBJC_ROOT_CLASS = YES_ERROR;
				CLANG_WARN_UNREACHABLE_CODE = YES;
				CLANG_WARN__DUPLICATE_METHOD_MATCH = YES;
				"CODE_SIGN_IDENTITY[sdk=iphoneos*]" = "iPhone Developer";
				COPY_PHASE_STRIP = NO;
				DEBUG_INFORMATION_FORMAT = dwarf;
				ENABLE_STRICT_OBJC_MSGSEND = YES;
				ENABLE_TESTABILITY = YES;
				GCC_C_LANGUAGE_STANDARD = gnu99;
				GCC_DYNAMIC_NO_PIC = NO;
				GCC_NO_COMMON_BLOCKS = YES;
				GCC_OPTIMIZATION_LEVEL = 0;
				GCC_PREPROCESSOR_DEFINITIONS = (
					"DEBUG=1",
					"$(inherited)",
				);
				GCC_WARN_64_TO_32_BIT_CONVERSION = YES;
				GCC_WARN_ABOUT_RETURN_TYPE = YES_ERROR;
				GCC_WARN_UNDECLARED_SELECTOR = YES;
				GCC_WARN_UNINITIALIZED_AUTOS = YES_AGGRESSIVE;
				GCC_WARN_UNUSED_FUNCTION = YES;
				GCC_WARN_UNUSED_VARIABLE = YES;
				IPHONEOS_DEPLOYMENT_TARGET = 9.3;
				MTL_ENABLE_DEBUG_INFO = YES;
				ONLY_ACTIVE_ARCH = YES;
				SDKROOT = iphoneos;
			};
			name = Debug;
		};
		18A2586C1D6AD87F00C9B9C0 /* Release */ = {
			isa = XCBuildConfiguration;
			buildSettings = {
				ALWAYS_SEARCH_USER_PATHS = NO;
				CLANG_ANALYZER_NONNULL = YES;
				CLANG_CXX_LANGUAGE_STANDARD = "gnu++0x";
				CLANG_CXX_LIBRARY = "libc++";
				CLANG_ENABLE_MODULES = YES;
				CLANG_ENABLE_OBJC_ARC = YES;
				CLANG_WARN_BOOL_CONVERSION = YES;
				CLANG_WARN_CONSTANT_CONVERSION = YES;
				CLANG_WARN_DIRECT_OBJC_ISA_USAGE = YES_ERROR;
				CLANG_WARN_EMPTY_BODY = YES;
				CLANG_WARN_ENUM_CONVERSION = YES;
				CLANG_WARN_INT_CONVERSION = YES;
				CLANG_WARN_OBJC_ROOT_CLASS = YES_ERROR;
				CLANG_WARN_UNREACHABLE_CODE = YES;
				CLANG_WARN__DUPLICATE_METHOD_MATCH = YES;
				"CODE_SIGN_IDENTITY[sdk=iphoneos*]" = "iPhone Developer";
				COPY_PHASE_STRIP = NO;
				DEBUG_INFORMATION_FORMAT = "dwarf-with-dsym";
				ENABLE_NS_ASSERTIONS = NO;
				ENABLE_STRICT_OBJC_MSGSEND = YES;
				GCC_C_LANGUAGE_STANDARD = gnu99;
				GCC_NO_COMMON_BLOCKS = YES;
				GCC_WARN_64_TO_32_BIT_CONVERSION = YES;
				GCC_WARN_ABOUT_RETURN_TYPE = YES_ERROR;
				GCC_WARN_UNDECLARED_SELECTOR = YES;
				GCC_WARN_UNINITIALIZED_AUTOS = YES_AGGRESSIVE;
				GCC_WARN_UNUSED_FUNCTION = YES;
				GCC_WARN_UNUSED_VARIABLE = YES;
				IPHONEOS_DEPLOYMENT_TARGET = 9.3;
				MTL_ENABLE_DEBUG_INFO = NO;
				SDKROOT = iphoneos;
				VALIDATE_PRODUCT = YES;
			};
			name = Release;
		};
		18A2586E1D6AD87F00C9B9C0 /* Debug */ = {
			isa = XCBuildConfiguration;
			buildSettings = {
				ASSETCATALOG_COMPILER_APPICON_NAME = AppIcon;
				INFOPLIST_FILE = Git_Test/Info.plist;
				LD_RUNPATH_SEARCH_PATHS = "$(inherited) @executable_path/Frameworks";
				PRODUCT_BUNDLE_IDENTIFIER = "com.Lingser.Git-Test";
				PRODUCT_NAME = "$(TARGET_NAME)";
			};
			name = Debug;
		};
		18A2586F1D6AD87F00C9B9C0 /* Release */ = {
			isa = XCBuildConfiguration;
			buildSettings = {
				ASSETCATALOG_COMPILER_APPICON_NAME = AppIcon;
				INFOPLIST_FILE = Git_Test/Info.plist;
				LD_RUNPATH_SEARCH_PATHS = "$(inherited) @executable_path/Frameworks";
				PRODUCT_BUNDLE_IDENTIFIER = "com.Lingser.Git-Test";
				PRODUCT_NAME = "$(TARGET_NAME)";
			};
			name = Release;
		};
		18A258711D6AD87F00C9B9C0 /* Debug */ = {
			isa = XCBuildConfiguration;
			buildSettings = {
				BUNDLE_LOADER = "$(TEST_HOST)";
				INFOPLIST_FILE = Git_TestTests/Info.plist;
				LD_RUNPATH_SEARCH_PATHS = "$(inherited) @executable_path/Frameworks @loader_path/Frameworks";
				PRODUCT_BUNDLE_IDENTIFIER = "com.Lingser.Git-TestTests";
				PRODUCT_NAME = "$(TARGET_NAME)";
				TEST_HOST = "$(BUILT_PRODUCTS_DIR)/Git_Test.app/Git_Test";
			};
			name = Debug;
		};
		18A258721D6AD87F00C9B9C0 /* Release */ = {
			isa = XCBuildConfiguration;
			buildSettings = {
				BUNDLE_LOADER = "$(TEST_HOST)";
				INFOPLIST_FILE = Git_TestTests/Info.plist;
				LD_RUNPATH_SEARCH_PATHS = "$(inherited) @executable_path/Frameworks @loader_path/Frameworks";
				PRODUCT_BUNDLE_IDENTIFIER = "com.Lingser.Git-TestTests";
				PRODUCT_NAME = "$(TARGET_NAME)";
				TEST_HOST = "$(BUILT_PRODUCTS_DIR)/Git_Test.app/Git_Test";
			};
			name = Release;
		};
		18A258741D6AD87F00C9B9C0 /* Debug */ = {
			isa = XCBuildConfiguration;
			buildSettings = {
				INFOPLIST_FILE = Git_TestUITests/Info.plist;
				LD_RUNPATH_SEARCH_PATHS = "$(inherited) @executable_path/Frameworks @loader_path/Frameworks";
				PRODUCT_BUNDLE_IDENTIFIER = "com.Lingser.Git-TestUITests";
				PRODUCT_NAME = "$(TARGET_NAME)";
				TEST_TARGET_NAME = Git_Test;
			};
			name = Debug;
		};
		18A258751D6AD87F00C9B9C0 /* Release */ = {
			isa = XCBuildConfiguration;
			buildSettings = {
				INFOPLIST_FILE = Git_TestUITests/Info.plist;
				LD_RUNPATH_SEARCH_PATHS = "$(inherited) @executable_path/Frameworks @loader_path/Frameworks";
				PRODUCT_BUNDLE_IDENTIFIER = "com.Lingser.Git-TestUITests";
				PRODUCT_NAME = "$(TARGET_NAME)";
				TEST_TARGET_NAME = Git_Test;
			};
			name = Release;
		};
/* End XCBuildConfiguration section */

/* Begin XCConfigurationList section */
		18A2583B1D6AD87F00C9B9C0 /* Build configuration list for PBXProject "Git_Test" */ = {
			isa = XCConfigurationList;
			buildConfigurations = (
				18A2586B1D6AD87F00C9B9C0 /* Debug */,
				18A2586C1D6AD87F00C9B9C0 /* Release */,
			);
			defaultConfigurationIsVisible = 0;
			defaultConfigurationName = Release;
		};
		18A2586D1D6AD87F00C9B9C0 /* Build configuration list for PBXNativeTarget "Git_Test" */ = {
			isa = XCConfigurationList;
			buildConfigurations = (
				18A2586E1D6AD87F00C9B9C0 /* Debug */,
				18A2586F1D6AD87F00C9B9C0 /* Release */,
			);
			defaultConfigurationIsVisible = 0;
		};
		18A258701D6AD87F00C9B9C0 /* Build configuration list for PBXNativeTarget "Git_TestTests" */ = {
			isa = XCConfigurationList;
			buildConfigurations = (
				18A258711D6AD87F00C9B9C0 /* Debug */,
				18A258721D6AD87F00C9B9C0 /* Release */,
			);
			defaultConfigurationIsVisible = 0;
		};
		18A258731D6AD87F00C9B9C0 /* Build configuration list for PBXNativeTarget "Git_TestUITests" */ = {
			isa = XCConfigurationList;
			buildConfigurations = (
				18A258741D6AD87F00C9B9C0 /* Debug */,
				18A258751D6AD87F00C9B9C0 /* Release */,
			);
			defaultConfigurationIsVisible = 0;
		};
/* End XCConfigurationList section */
	};
	rootObject = 18A258381D6AD87F00C9B9C0 /* Project object */;
}
